
Microsoft Visual Studio Solution File, Format Version 12.00
# Visual Studio Version 17
VisualStudioVersion = 17.2.33214.139
MinimumVisualStudioVersion = 10.0.40219.1
Project("{2150E333-8FDC-42A3-9474-1A3956D46DE8}") = "Colombia.ActividadScope", "Colombia.ActividadScope", "{8375CFD5-C696-4265-BF1E-F4DFA2B58FCC}"
EndProject
Project("{FAE04EC0-301F-11D3-BF4B-00C04F79EFBC}") = "Colombia.ActividadScope", "Colombia.ActividadScope\Colombia.ActividadScope\Colombia.ActividadScope.csproj", "{9A0295FD-C7BD-49BF-AE5A-72432CE8DF85}"
EndProject
Project("{FAE04EC0-301F-11D3-BF4B-00C04F79EFBC}") = "Colombia.ActividadScope.Activities", "Colombia.ActividadScope\Colombia.ActividadScope.Activities\Colombia.ActividadScope.Activities.csproj", "{1D2BDCE5-483D-401E-83F6-33B4C477A067}"
EndProject
Project("{FAE04EC0-301F-11D3-BF4B-00C04F79EFBC}") = "Colombia.ActividadScope.Activities.Design", "Colombia.ActividadScope\Colombia.ActividadScope.Activities.Design\Colombia.ActividadScope.Activities.Design.csproj", "{36B01F27-EA5F-4906-9926-F5D194884D75}"
EndProject
Project("{2150E333-8FDC-42A3-9474-1A3956D46DE8}") = "Shared", "Shared", "{5E166DDC-3B13-4349-A7E5-E3527CCBE17A}"
EndProject
Project("{D954291E-2A0B-460D-934E-DC6B0785DB48}") = "UiPath.Shared.Activities", "Shared\UiPath.Shared.Activities\UiPath.Shared.Activities.shproj", "{4546856D-EA50-45C6-9419-EEEACB5A80AA}"
EndProject
Project("{D954291E-2A0B-460D-934E-DC6B0785DB48}") = "UiPath.Shared.Activities.Design", "Shared\UiPath.Shared.Activities.Design\UiPath.Shared.Activities.Design.shproj", "{DF9C43F0-ADD3-4FBF-995E-84B92F9CBF25}"
EndProject
Global
	GlobalSection(SolutionConfigurationPlatforms) = preSolution
		Debug|Any CPU = Debug|Any CPU
		Release|Any CPU = Release|Any CPU
	EndGlobalSection
	GlobalSection(ProjectConfigurationPlatforms) = postSolution
		{9A0295FD-C7BD-49BF-AE5A-72432CE8DF85}.Debug|Any CPU.ActiveCfg = Debug|Any CPU
		{9A0295FD-C7BD-49BF-AE5A-72432CE8DF85}.Debug|Any CPU.Build.0 = Debug|Any CPU
		{9A0295FD-C7BD-49BF-AE5A-72432CE8DF85}.Release|Any CPU.ActiveCfg = Release|Any CPU
		{9A0295FD-C7BD-49BF-AE5A-72432CE8DF85}.Release|Any CPU.Build.0 = Release|Any CPU
		{1D2BDCE5-483D-401E-83F6-33B4C477A067}.Debug|Any CPU.ActiveCfg = Debug|Any CPU
		{1D2BDCE5-483D-401E-83F6-33B4C477A067}.Debug|Any CPU.Build.0 = Debug|Any CPU
		{1D2BDCE5-483D-401E-83F6-33B4C477A067}.Release|Any CPU.ActiveCfg = Release|Any CPU
		{1D2BDCE5-483D-401E-83F6-33B4C477A067}.Release|Any CPU.Build.0 = Release|Any CPU
		{36B01F27-EA5F-4906-9926-F5D194884D75}.Debug|Any CPU.ActiveCfg = Debug|Any CPU
		{36B01F27-EA5F-4906-9926-F5D194884D75}.Debug|Any CPU.Build.0 = Debug|Any CPU
		{36B01F27-EA5F-4906-9926-F5D194884D75}.Release|Any CPU.ActiveCfg = Release|Any CPU
		{36B01F27-EA5F-4906-9926-F5D194884D75}.Release|Any CPU.Build.0 = Release|Any CPU
	EndGlobalSection
	GlobalSection(SolutionProperties) = preSolution
		HideSolutionNode = FALSE
	EndGlobalSection
	GlobalSection(NestedProjects) = preSolution
		{9A0295FD-C7BD-49BF-AE5A-72432CE8DF85} = {8375CFD5-C696-4265-BF1E-F4DFA2B58FCC}
		{1D2BDCE5-483D-401E-83F6-33B4C477A067} = {8375CFD5-C696-4265-BF1E-F4DFA2B58FCC}
		{36B01F27-EA5F-4906-9926-F5D194884D75} = {8375CFD5-C696-4265-BF1E-F4DFA2B58FCC}
		{4546856D-EA50-45C6-9419-EEEACB5A80AA} = {5E166DDC-3B13-4349-A7E5-E3527CCBE17A}
		{DF9C43F0-ADD3-4FBF-995E-84B92F9CBF25} = {5E166DDC-3B13-4349-A7E5-E3527CCBE17A}
	EndGlobalSection
	GlobalSection(ExtensibilityGlobals) = postSolution
		SolutionGuid = {3C663DB9-7E13-47B0-A86B-80F75076E1A5}
	EndGlobalSection
	GlobalSection(SharedMSBuildProjectFiles) = preSolution
		Shared\UiPath.Shared.Activities\UiPath.Shared.Activities.projitems*{1d2bdce5-483d-401e-83f6-33b4c477a067}*SharedItemsImports = 5
		Shared\UiPath.Shared.Activities.Design\UiPath.Shared.Activities.Design.projitems*{36b01f27-ea5f-4906-9926-f5d194884d75}*SharedItemsImports = 5
		Shared\UiPath.Shared.Activities\UiPath.Shared.Activities.projitems*{4546856d-ea50-45c6-9419-eeeacb5a80aa}*SharedItemsImports = 13
		Shared\UiPath.Shared.Activities.Design\UiPath.Shared.Activities.Design.projitems*{df9c43f0-add3-4fbf-995e-84b92f9cbf25}*SharedItemsImports = 13
	EndGlobalSection
EndGlobal
